// !$*UTF8*$!
{
	archiveVersion = 1;
	classes = {
	};
	objectVersion = 46;
	objects = {

/* Begin PBXBuildFile section */
		BF7DAAC018E4EC6900E52C43 /* Cocoa.framework in Frameworks */ = {isa = PBXBuildFile; fileRef = BF7DAABF18E4EC6900E52C43 /* Cocoa.framework */; };
		BF7DAACA18E4EC6900E52C43 /* InfoPlist.strings in Resources */ = {isa = PBXBuildFile; fileRef = BF7DAAC818E4EC6900E52C43 /* InfoPlist.strings */; };
		BF7DAACC18E4EC6900E52C43 /* main.m in Sources */ = {isa = PBXBuildFile; fileRef = BF7DAACB18E4EC6900E52C43 /* main.m */; };
		BF7DAAD018E4EC6900E52C43 /* Credits.rtf in Resources */ = {isa = PBXBuildFile; fileRef = BF7DAACE18E4EC6900E52C43 /* Credits.rtf */; };
		BF7DAAD318E4EC6900E52C43 /* AppDelegate.m in Sources */ = {isa = PBXBuildFile; fileRef = BF7DAAD218E4EC6900E52C43 /* AppDelegate.m */; };
		BF7DAAD618E4EC6900E52C43 /* MainMenu.xib in Resources */ = {isa = PBXBuildFile; fileRef = BF7DAAD418E4EC6900E52C43 /* MainMenu.xib */; };
		BF7DAAD818E4EC6900E52C43 /* Images.xcassets in Resources */ = {isa = PBXBuildFile; fileRef = BF7DAAD718E4EC6900E52C43 /* Images.xcassets */; };
		BF7DAADF18E4EC6900E52C43 /* XCTest.framework in Frameworks */ = {isa = PBXBuildFile; fileRef = BF7DAADE18E4EC6900E52C43 /* XCTest.framework */; };
		BF7DAAE018E4EC6900E52C43 /* Cocoa.framework in Frameworks */ = {isa = PBXBuildFile; fileRef = BF7DAABF18E4EC6900E52C43 /* Cocoa.framework */; };
		BF7DAAE818E4EC6900E52C43 /* InfoPlist.strings in Resources */ = {isa = PBXBuildFile; fileRef = BF7DAAE618E4EC6900E52C43 /* InfoPlist.strings */; };
		BF7DAAEA18E4EC6900E52C43 /* Fake320Tests.m in Sources */ = {isa = PBXBuildFile; fileRef = BF7DAAE918E4EC6900E52C43 /* Fake320Tests.m */; };
/* End PBXBuildFile section */

/* Begin PBXContainerItemProxy section */
		BF7DAAE118E4EC6900E52C43 /* PBXContainerItemProxy */ = {
			isa = PBXContainerItemProxy;
			containerPortal = BF7DAAB418E4EC6900E52C43 /* Project object */;
			proxyType = 1;
			remoteGlobalIDString = BF7DAABB18E4EC6900E52C43;
			remoteInfo = Fake320;
		};
/* End PBXContainerItemProxy section */

/* Begin PBXFileReference section */
		BF7DAABC18E4EC6900E52C43 /* Fake320.app */ = {isa = PBXFileReference; explicitFileType = wrapper.application; includeInIndex = 0; path = Fake320.app; sourceTree = BUILT_PRODUCTS_DIR; };
		BF7DAABF18E4EC6900E52C43 /* Cocoa.framework */ = {isa = PBXFileReference; lastKnownFileType = wrapper.framework; name = Cocoa.framework; path = System/Library/Frameworks/Cocoa.framework; sourceTree = SDKROOT; };
		BF7DAAC218E4EC6900E52C43 /* AppKit.framework */ = {isa = PBXFileReference; lastKnownFileType = wrapper.framework; name = AppKit.framework; path = System/Library/Frameworks/AppKit.framework; sourceTree = SDKROOT; };
		BF7DAAC318E4EC6900E52C43 /* CoreData.framework */ = {isa = PBXFileReference; lastKnownFileType = wrapper.framework; name = CoreData.framework; path = System/Library/Frameworks/CoreData.framework; sourceTree = SDKROOT; };
		BF7DAAC418E4EC6900E52C43 /* Foundation.framework */ = {isa = PBXFileReference; lastKnownFileType = wrapper.framework; name = Foundation.framework; path = System/Library/Frameworks/Foundation.framework; sourceTree = SDKROOT; };
		BF7DAAC718E4EC6900E52C43 /* Fake320-Info.plist */ = {isa = PBXFileReference; lastKnownFileType = text.plist.xml; path = "Fake320-Info.plist"; sourceTree = "<group>"; };
		BF7DAAC918E4EC6900E52C43 /* en */ = {isa = PBXFileReference; lastKnownFileType = text.plist.strings; name = en; path = en.lproj/InfoPlist.strings; sourceTree = "<group>"; };
		BF7DAACB18E4EC6900E52C43 /* main.m */ = {isa = PBXFileReference; lastKnownFileType = sourcecode.c.objc; path = main.m; sourceTree = "<group>"; };
		BF7DAACD18E4EC6900E52C43 /* Fake320-Prefix.pch */ = {isa = PBXFileReference; lastKnownFileType = sourcecode.c.h; path = "Fake320-Prefix.pch"; sourceTree = "<group>"; };
		BF7DAACF18E4EC6900E52C43 /* en */ = {isa = PBXFileReference; lastKnownFileType = text.rtf; name = en; path = en.lproj/Credits.rtf; sourceTree = "<group>"; };
		BF7DAAD118E4EC6900E52C43 /* AppDelegate.h */ = {isa = PBXFileReference; lastKnownFileType = sourcecode.c.h; path = AppDelegate.h; sourceTree = "<group>"; };
		BF7DAAD218E4EC6900E52C43 /* AppDelegate.m */ = {isa = PBXFileReference; lastKnownFileType = sourcecode.c.objc; path = AppDelegate.m; sourceTree = "<group>"; };
		BF7DAAD518E4EC6900E52C43 /* Base */ = {isa = PBXFileReference; lastKnownFileType = file.xib; name = Base; path = Base.lproj/MainMenu.xib; sourceTree = "<group>"; };
		BF7DAAD718E4EC6900E52C43 /* Images.xcassets */ = {isa = PBXFileReference; lastKnownFileType = folder.assetcatalog; path = Images.xcassets; sourceTree = "<group>"; };
		BF7DAADD18E4EC6900E52C43 /* Fake320Tests.xctest */ = {isa = PBXFileReference; explicitFileType = wrapper.cfbundle; includeInIndex = 0; path = Fake320Tests.xctest; sourceTree = BUILT_PRODUCTS_DIR; };
		BF7DAADE18E4EC6900E52C43 /* XCTest.framework */ = {isa = PBXFileReference; lastKnownFileType = wrapper.framework; name = XCTest.framework; path = Library/Frameworks/XCTest.framework; sourceTree = DEVELOPER_DIR; };
		BF7DAAE518E4EC6900E52C43 /* Fake320Tests-Info.plist */ = {isa = PBXFileReference; lastKnownFileType = text.plist.xml; path = "Fake320Tests-Info.plist"; sourceTree = "<group>"; };
		BF7DAAE718E4EC6900E52C43 /* en */ = {isa = PBXFileReference; lastKnownFileType = text.plist.strings; name = en; path = en.lproj/InfoPlist.strings; sourceTree = "<group>"; };
		BF7DAAE918E4EC6900E52C43 /* Fake320Tests.m */ = {isa = PBXFileReference; lastKnownFileType = sourcecode.c.objc; path = Fake320Tests.m; sourceTree = "<group>"; };
/* End PBXFileReference section */

/* Begin PBXFrameworksBuildPhase section */
		BF7DAAB918E4EC6900E52C43 /* Frameworks */ = {
			isa = PBXFrameworksBuildPhase;
			buildActionMask = 2147483647;
			files = (
				BF7DAAC018E4EC6900E52C43 /* Cocoa.framework in Frameworks */,
			);
			runOnlyForDeploymentPostprocessing = 0;
		};
		BF7DAADA18E4EC6900E52C43 /* Frameworks */ = {
			isa = PBXFrameworksBuildPhase;
			buildActionMask = 2147483647;
			files = (
				BF7DAAE018E4EC6900E52C43 /* Cocoa.framework in Frameworks */,
				BF7DAADF18E4EC6900E52C43 /* XCTest.framework in Frameworks */,
			);
			runOnlyForDeploymentPostprocessing = 0;
		};
/* End PBXFrameworksBuildPhase section */

/* Begin PBXGroup section */
		BF7DAAB318E4EC6900E52C43 = {
			isa = PBXGroup;
			children = (
				BF7DAAC518E4EC6900E52C43 /* Fake320 */,
				BF7DAAE318E4EC6900E52C43 /* Fake320Tests */,
				BF7DAABE18E4EC6900E52C43 /* Frameworks */,
				BF7DAABD18E4EC6900E52C43 /* Products */,
			);
			sourceTree = "<group>";
		};
		BF7DAABD18E4EC6900E52C43 /* Products */ = {
			isa = PBXGroup;
			children = (
				BF7DAABC18E4EC6900E52C43 /* Fake320.app */,
				BF7DAADD18E4EC6900E52C43 /* Fake320Tests.xctest */,
			);
			name = Products;
			sourceTree = "<group>";
		};
		BF7DAABE18E4EC6900E52C43 /* Frameworks */ = {
			isa = PBXGroup;
			children = (
				BF7DAABF18E4EC6900E52C43 /* Cocoa.framework */,
				BF7DAADE18E4EC6900E52C43 /* XCTest.framework */,
				BF7DAAC118E4EC6900E52C43 /* Other Frameworks */,
			);
			name = Frameworks;
			sourceTree = "<group>";
		};
		BF7DAAC118E4EC6900E52C43 /* Other Frameworks */ = {
			isa = PBXGroup;
			children = (
				BF7DAAC218E4EC6900E52C43 /* AppKit.framework */,
				BF7DAAC318E4EC6900E52C43 /* CoreData.framework */,
				BF7DAAC418E4EC6900E52C43 /* Foundation.framework */,
			);
			name = "Other Frameworks";
			sourceTree = "<group>";
		};
		BF7DAAC518E4EC6900E52C43 /* Fake320 */ = {
			isa = PBXGroup;
			children = (
				BF7DAAD118E4EC6900E52C43 /* AppDelegate.h */,
				BF7DAAD218E4EC6900E52C43 /* AppDelegate.m */,
				BF7DAAD418E4EC6900E52C43 /* MainMenu.xib */,
				BF7DAAD718E4EC6900E52C43 /* Images.xcassets */,
				BF7DAAC618E4EC6900E52C43 /* Supporting Files */,
			);
			path = Fake320;
			sourceTree = "<group>";
		};
		BF7DAAC618E4EC6900E52C43 /* Supporting Files */ = {
			isa = PBXGroup;
			children = (
				BF7DAAC718E4EC6900E52C43 /* Fake320-Info.plist */,
				BF7DAAC818E4EC6900E52C43 /* InfoPlist.strings */,
				BF7DAACB18E4EC6900E52C43 /* main.m */,
				BF7DAACD18E4EC6900E52C43 /* Fake320-Prefix.pch */,
				BF7DAACE18E4EC6900E52C43 /* Credits.rtf */,
			);
			name = "Supporting Files";
			sourceTree = "<group>";
		};
		BF7DAAE318E4EC6900E52C43 /* Fake320Tests */ = {
			isa = PBXGroup;
			children = (
				BF7DAAE918E4EC6900E52C43 /* Fake320Tests.m */,
				BF7DAAE418E4EC6900E52C43 /* Supporting Files */,
			);
			path = Fake320Tests;
			sourceTree = "<group>";
		};
		BF7DAAE418E4EC6900E52C43 /* Supporting Files */ = {
			isa = PBXGroup;
			children = (
				BF7DAAE518E4EC6900E52C43 /* Fake320Tests-Info.plist */,
				BF7DAAE618E4EC6900E52C43 /* InfoPlist.strings */,
			);
			name = "Supporting Files";
			sourceTree = "<group>";
		};
/* End PBXGroup section */

/* Begin PBXNativeTarget section */
		BF7DAABB18E4EC6900E52C43 /* Fake320 */ = {
			isa = PBXNativeTarget;
			buildConfigurationList = BF7DAAED18E4EC6900E52C43 /* Build configuration list for PBXNativeTarget "Fake320" */;
			buildPhases = (
				BF7DAAB818E4EC6900E52C43 /* Sources */,
				BF7DAAB918E4EC6900E52C43 /* Frameworks */,
				BF7DAABA18E4EC6900E52C43 /* Resources */,
			);
			buildRules = (
			);
			dependencies = (
			);
			name = Fake320;
			productName = Fake320;
			productReference = BF7DAABC18E4EC6900E52C43 /* Fake320.app */;
			productType = "com.apple.product-type.application";
		};
		BF7DAADC18E4EC6900E52C43 /* Fake320Tests */ = {
			isa = PBXNativeTarget;
			buildConfigurationList = BF7DAAF018E4EC6900E52C43 /* Build configuration list for PBXNativeTarget "Fake320Tests" */;
			buildPhases = (
				BF7DAAD918E4EC6900E52C43 /* Sources */,
				BF7DAADA18E4EC6900E52C43 /* Frameworks */,
				BF7DAADB18E4EC6900E52C43 /* Resources */,
			);
			buildRules = (
			);
			dependencies = (
				BF7DAAE218E4EC6900E52C43 /* PBXTargetDependency */,
			);
			name = Fake320Tests;
			productName = Fake320Tests;
			productReference = BF7DAADD18E4EC6900E52C43 /* Fake320Tests.xctest */;
			productType = "com.apple.product-type.bundle.unit-test";
		};
/* End PBXNativeTarget section */

/* Begin PBXProject section */
		BF7DAAB418E4EC6900E52C43 /* Project object */ = {
			isa = PBXProject;
			attributes = {
				LastUpgradeCheck = 0510;
				ORGANIZATIONNAME = "Vincent Timofti";
				TargetAttributes = {
					BF7DAADC18E4EC6900E52C43 = {
						TestTargetID = BF7DAABB18E4EC6900E52C43;
					};
				};
			};
			buildConfigurationList = BF7DAAB718E4EC6900E52C43 /* Build configuration list for PBXProject "Fake320" */;
			compatibilityVersion = "Xcode 3.2";
			developmentRegion = English;
			hasScannedForEncodings = 0;
			knownRegions = (
				en,
				Base,
			);
			mainGroup = BF7DAAB318E4EC6900E52C43;
			productRefGroup = BF7DAABD18E4EC6900E52C43 /* Products */;
			projectDirPath = "";
			projectRoot = "";
			targets = (
				BF7DAABB18E4EC6900E52C43 /* Fake320 */,
				BF7DAADC18E4EC6900E52C43 /* Fake320Tests */,
			);
		};
/* End PBXProject section */

/* Begin PBXResourcesBuildPhase section */
		BF7DAABA18E4EC6900E52C43 /* Resources */ = {
			isa = PBXResourcesBuildPhase;
			buildActionMask = 2147483647;
			files = (
				BF7DAACA18E4EC6900E52C43 /* InfoPlist.strings in Resources */,
				BF7DAAD818E4EC6900E52C43 /* Images.xcassets in Resources */,
				BF7DAAD018E4EC6900E52C43 /* Credits.rtf in Resources */,
				BF7DAAD618E4EC6900E52C43 /* MainMenu.xib in Resources */,
			);
			runOnlyForDeploymentPostprocessing = 0;
		};
		BF7DAADB18E4EC6900E52C43 /* Resources */ = {
			isa = PBXResourcesBuildPhase;
			buildActionMask = 2147483647;
			files = (
				BF7DAAE818E4EC6900E52C43 /* InfoPlist.strings in Resources */,
			);
			runOnlyForDeploymentPostprocessing = 0;
		};
/* End PBXResourcesBuildPhase section */

/* Begin PBXSourcesBuildPhase section */
		BF7DAAB818E4EC6900E52C43 /* Sources */ = {
			isa = PBXSourcesBuildPhase;
			buildActionMask = 2147483647;
			files = (
				BF7DAAD318E4EC6900E52C43 /* AppDelegate.m in Sources */,
				BF7DAACC18E4EC6900E52C43 /* main.m in Sources */,
			);
			runOnlyForDeploymentPostprocessing = 0;
		};
		BF7DAAD918E4EC6900E52C43 /* Sources */ = {
			isa = PBXSourcesBuildPhase;
			buildActionMask = 2147483647;
			files = (
				BF7DAAEA18E4EC6900E52C43 /* Fake320Tests.m in Sources */,
			);
			runOnlyForDeploymentPostprocessing = 0;
		};
/* End PBXSourcesBuildPhase section */

/* Begin PBXTargetDependency section */
		BF7DAAE218E4EC6900E52C43 /* PBXTargetDependency */ = {
			isa = PBXTargetDependency;
			target = BF7DAABB18E4EC6900E52C43 /* Fake320 */;
			targetProxy = BF7DAAE118E4EC6900E52C43 /* PBXContainerItemProxy */;
		};
/* End PBXTargetDependency section */

/* Begin PBXVariantGroup section */
		BF7DAAC818E4EC6900E52C43 /* InfoPlist.strings */ = {
			isa = PBXVariantGroup;
			children = (
				BF7DAAC918E4EC6900E52C43 /* en */,
			);
			name = InfoPlist.strings;
			sourceTree = "<group>";
		};
		BF7DAACE18E4EC6900E52C43 /* Credits.rtf */ = {
			isa = PBXVariantGroup;
			children = (
				BF7DAACF18E4EC6900E52C43 /* en */,
			);
			name = Credits.rtf;
			sourceTree = "<group>";
		};
		BF7DAAD418E4EC6900E52C43 /* MainMenu.xib */ = {
			isa = PBXVariantGroup;
			children = (
				BF7DAAD518E4EC6900E52C43 /* Base */,
			);
			name = MainMenu.xib;
			sourceTree = "<group>";
		};
		BF7DAAE618E4EC6900E52C43 /* InfoPlist.strings */ = {
			isa = PBXVariantGroup;
			children = (
				BF7DAAE718E4EC6900E52C43 /* en */,
			);
			name = InfoPlist.strings;
			sourceTree = "<group>";
		};
/* End PBXVariantGroup section */

/* Begin XCBuildConfiguration section */
		BF7DAAEB18E4EC6900E52C43 /* Debug */ = {
			isa = XCBuildConfiguration;
			buildSettings = {
				ALWAYS_SEARCH_USER_PATHS = NO;
				CLANG_CXX_LANGUAGE_STANDARD = "gnu++0x";
				CLANG_CXX_LIBRARY = "libc++";
				CLANG_ENABLE_MODULES = YES;
				CLANG_ENABLE_OBJC_ARC = YES;
				CLANG_WARN_BOOL_CONVERSION = YES;
				CLANG_WARN_CONSTANT_CONVERSION = YES;
				CLANG_WARN_DIRECT_OBJC_ISA_USAGE = YES_ERROR;
				CLANG_WARN_EMPTY_BODY = YES;
				CLANG_WARN_ENUM_CONVERSION = YES;
				CLANG_WARN_INT_CONVERSION = YES;
				CLANG_WARN_OBJC_ROOT_CLASS = YES_ERROR;
				CLANG_WARN__DUPLICATE_METHOD_MATCH = YES;
				COPY_PHASE_STRIP = NO;
				GCC_C_LANGUAGE_STANDARD = gnu99;
				GCC_DYNAMIC_NO_PIC = NO;
				GCC_ENABLE_OBJC_EXCEPTIONS = YES;
				GCC_OPTIMIZATION_LEVEL = 0;
				GCC_PREPROCESSOR_DEFINITIONS = (
					"DEBUG=1",
					"$(inherited)",
				);
				GCC_SYMBOLS_PRIVATE_EXTERN = NO;
				GCC_WARN_64_TO_32_BIT_CONVERSION = YES;
				GCC_WARN_ABOUT_RETURN_TYPE = YES_ERROR;
				GCC_WARN_UNDECLARED_SELECTOR = YES;
				GCC_WARN_UNINITIALIZED_AUTOS = YES_AGGRESSIVE;
				GCC_WARN_UNUSED_FUNCTION = YES;
				GCC_WARN_UNUSED_VARIABLE = YES;
				MACOSX_DEPLOYMENT_TARGET = 10.9;
				ONLY_ACTIVE_ARCH = YES;
				SDKROOT = macosx;
			};
			name = Debug;
		};
		BF7DAAEC18E4EC6900E52C43 /* Release */ = {
			isa = XCBuildConfiguration;
			buildSettings = {
				ALWAYS_SEARCH_USER_PATHS = NO;
				CLANG_CXX_LANGUAGE_STANDARD = "gnu++0x";
				CLANG_CXX_LIBRARY = "libc++";
				CLANG_ENABLE_MODULES = YES;
				CLANG_ENABLE_OBJC_ARC = YES;
				CLANG_WARN_BOOL_CONVERSION = YES;
				CLANG_WARN_CONSTANT_CONVERSION = YES;
				CLANG_WARN_DIRECT_OBJC_ISA_USAGE = YES_ERROR;
				CLANG_WARN_EMPTY_BODY = YES;
				CLANG_WARN_ENUM_CONVERSION = YES;
				CLANG_WARN_INT_CONVERSION = YES;
				CLANG_WARN_OBJC_ROOT_CLASS = YES_ERROR;
				CLANG_WARN__DUPLICATE_METHOD_MATCH = YES;
				COPY_PHASE_STRIP = YES;
				DEBUG_INFORMATION_FORMAT = "dwarf-with-dsym";
				ENABLE_NS_ASSERTIONS = NO;
				GCC_C_LANGUAGE_STANDARD = gnu99;
				GCC_ENABLE_OBJC_EXCEPTIONS = YES;
				GCC_WARN_64_TO_32_BIT_CONVERSION = YES;
				GCC_WARN_ABOUT_RETURN_TYPE = YES_ERROR;
				GCC_WARN_UNDECLARED_SELECTOR = YES;
				GCC_WARN_UNINITIALIZED_AUTOS = YES_AGGRESSIVE;
				GCC_WARN_UNUSED_FUNCTION = YES;
				GCC_WARN_UNUSED_VARIABLE = YES;
				MACOSX_DEPLOYMENT_TARGET = 10.9;
				SDKROOT = macosx;
			};
			name = Release;
		};
		BF7DAAEE18E4EC6900E52C43 /* Debug */ = {
			isa = XCBuildConfiguration;
			buildSettings = {
				ASSETCATALOG_COMPILER_APPICON_NAME = AppIcon;
				COMBINE_HIDPI_IMAGES = YES;
				GCC_PRECOMPILE_PREFIX_HEADER = YES;
				GCC_PREFIX_HEADER = "Fake320/Fake320-Prefix.pch";
				INFOPLIST_FILE = "Fake320/Fake320-Info.plist";
				PRODUCT_NAME = "$(TARGET_NAME)";
				WRAPPER_EXTENSION = app;
			};
			name = Debug;
		};
		BF7DAAEF18E4EC6900E52C43 /* Release */ = {
			isa = XCBuildConfiguration;
			buildSettings = {
				ASSETCATALOG_COMPILER_APPICON_NAME = AppIcon;
				COMBINE_HIDPI_IMAGES = YES;
				GCC_PRECOMPILE_PREFIX_HEADER = YES;
				GCC_PREFIX_HEADER = "Fake320/Fake320-Prefix.pch";
				INFOPLIST_FILE = "Fake320/Fake320-Info.plist";
				PRODUCT_NAME = "$(TARGET_NAME)";
				WRAPPER_EXTENSION = app;
			};
			name = Release;
		};
		BF7DAAF118E4EC6900E52C43 /* Debug */ = {
			isa = XCBuildConfiguration;
			buildSettings = {
				BUNDLE_LOADER = "$(BUILT_PRODUCTS_DIR)/Fake320.app/Contents/MacOS/Fake320";
				COMBINE_HIDPI_IMAGES = YES;
				FRAMEWORK_SEARCH_PATHS = (
					"$(DEVELOPER_FRAMEWORKS_DIR)",
					"$(inherited)",
				);
				GCC_PRECOMPILE_PREFIX_HEADER = YES;
				GCC_PREFIX_HEADER = "Fake320/Fake320-Prefix.pch";
				GCC_PREPROCESSOR_DEFINITIONS = (
					"DEBUG=1",
					"$(inherited)",
				);
				INFOPLIST_FILE = "Fake320Tests/Fake320Tests-Info.plist";
				PRODUCT_NAME = "$(TARGET_NAME)";
				TEST_HOST = "$(BUNDLE_LOADER)";
				WRAPPER_EXTENSION = xctest;
			};
			name = Debug;
		};
		BF7DAAF218E4EC6900E52C43 /* Release */ = {
			isa = XCBuildConfiguration;
			buildSettings = {
				BUNDLE_LOADER = "$(BUILT_PRODUCTS_DIR)/Fake320.app/Contents/MacOS/Fake320";
				COMBINE_HIDPI_IMAGES = YES;
				FRAMEWORK_SEARCH_PATHS = (
					"$(DEVELOPER_FRAMEWORKS_DIR)",
					"$(inherited)",
				);
				GCC_PRECOMPILE_PREFIX_HEADER = YES;
				GCC_PREFIX_HEADER = "Fake320/Fake320-Prefix.pch";
				INFOPLIST_FILE = "Fake320Tests/Fake320Tests-Info.plist";
				PRODUCT_NAME = "$(TARGET_NAME)";
				TEST_HOST = "$(BUNDLE_LOADER)";
				WRAPPER_EXTENSION = xctest;
			};
			name = Release;
		};
/* End XCBuildConfiguration section */

/* Begin XCConfigurationList section */
		BF7DAAB718E4EC6900E52C43 /* Build configuration list for PBXProject "Fake320" */ = {
			isa = XCConfigurationList;
			buildConfigurations = (
				BF7DAAEB18E4EC6900E52C43 /* Debug */,
				BF7DAAEC18E4EC6900E52C43 /* Release */,
			);
			defaultConfigurationIsVisible = 0;
			defaultConfigurationName = Release;
		};
		BF7DAAED18E4EC6900E52C43 /* Build configuration list for PBXNativeTarget "Fake320" */ = {
			isa = XCConfigurationList;
			buildConfigurations = (
				BF7DAAEE18E4EC6900E52C43 /* Debug */,
				BF7DAAEF18E4EC6900E52C43 /* Release */,
			);
			defaultConfigurationIsVisible = 0;
		};
		BF7DAAF018E4EC6900E52C43 /* Build configuration list for PBXNativeTarget "Fake320Tests" */ = {
			isa = XCConfigurationList;
			buildConfigurations = (
				BF7DAAF118E4EC6900E52C43 /* Debug */,
				BF7DAAF218E4EC6900E52C43 /* Release */,
			);
			defaultConfigurationIsVisible = 0;
		};
/* End XCConfigurationList section */
	};
	rootObject = BF7DAAB418E4EC6900E52C43 /* Project object */;
}
